PODS:
  - Flutter (1.0.0)
  - flutter_file_dialog (0.0.1):
    - Flutter
  - flutter_keyboard_visibility (0.0.1):
    - Flutter
  - fluttertoast (0.0.2):
    - Flutter
    - Toast
  - FMDB (2.7.5):
    - FMDB/standard (= 2.7.5)
  - FMDB/standard (2.7.5)
  - geolocator_apple (1.2.0):
    - Flutter
  - image_picker_ios (0.0.1):
    - Flutter
  - libphonenumber_plugin (0.0.1):
    - Flutter
    - PhoneNumberKit
  - MTBBarcodeScanner (5.0.11)
  - path_provider_foundation (0.0.1):
    - Flutter
    - FlutterMacOS
  - "permission_handler (5.1.0+2)":
    - Flutter
  - PhoneNumberKit (3.6.8):
    - PhoneNumberKit/PhoneNumberKitCore (= 3.6.8)
    - PhoneNumberKit/UIKit (= 3.6.8)
  - PhoneNumberKit/PhoneNumberKitCore (3.6.8)
  - PhoneNumberKit/UIKit (3.6.8):
    - PhoneNumberKit/PhoneNumberKitCore
  - qr_code_scanner (0.2.0):
    - Flutter
    - MTBBarcodeScanner
  - shared_preferences_foundation (0.0.1):
    - Flutter
    - FlutterMacOS
  - sqflite (0.0.3):
    - Flutter
    - FMDB (>= 2.7.5)
  - Toast (4.0.0)

DEPENDENCIES:
  - Flutter (from `Flutter`)
  - flutter_file_dialog (from `.symlinks/plugins/flutter_file_dialog/ios`)
  - flutter_keyboard_visibility (from `.symlinks/plugins/flutter_keyboard_visibility/ios`)
  - fluttertoast (from `.symlinks/plugins/fluttertoast/ios`)
  - geolocator_apple (from `.symlinks/plugins/geolocator_apple/ios`)
  - image_picker_ios (from `.symlinks/plugins/image_picker_ios/ios`)
  - libphonenumber_plugin (from `.symlinks/plugins/libphonenumber_plugin/ios`)
  - path_provider_foundation (from `.symlinks/plugins/path_provider_foundation/darwin`)
  - permission_handler (from `.symlinks/plugins/permission_handler/ios`)
  - qr_code_scanner (from `.symlinks/plugins/qr_code_scanner/ios`)
  - shared_preferences_foundation (from `.symlinks/plugins/shared_preferences_foundation/darwin`)
  - sqflite (from `.symlinks/plugins/sqflite/ios`)

SPEC REPOS:
  trunk:
    - FMDB
    - MTBBarcodeScanner
    - PhoneNumberKit
    - Toast

EXTERNAL SOURCES:
  Flutter:
    :path: Flutter
  flutter_file_dialog:
    :path: ".symlinks/plugins/flutter_file_dialog/ios"
  flutter_keyboard_visibility:
    :path: ".symlinks/plugins/flutter_keyboard_visibility/ios"
  fluttertoast:
    :path: ".symlinks/plugins/fluttertoast/ios"
  geolocator_apple:
    :path: ".symlinks/plugins/geolocator_apple/ios"
  image_picker_ios:
    :path: ".symlinks/plugins/image_picker_ios/ios"
  libphonenumber_plugin:
    :path: ".symlinks/plugins/libphonenumber_plugin/ios"
  path_provider_foundation:
    :path: ".symlinks/plugins/path_provider_foundation/darwin"
  permission_handler:
    :path: ".symlinks/plugins/permission_handler/ios"
  qr_code_scanner:
    :path: ".symlinks/plugins/qr_code_scanner/ios"
  shared_preferences_foundation:
    :path: ".symlinks/plugins/shared_preferences_foundation/darwin"
  sqflite:
    :path: ".symlinks/plugins/sqflite/ios"

SPEC CHECKSUMS:
  Flutter: f04841e97a9d0b0a8025694d0796dd46242b2854
  flutter_file_dialog: 4c014a45b105709a27391e266c277d7e588e9299
  flutter_keyboard_visibility: 0339d06371254c3eb25eeb90ba8d17dca8f9c069
  fluttertoast: fafc4fa4d01a6a9e4f772ecd190ffa525e9e2d9c
  FMDB: 2ce00b547f966261cd18927a3ddb07cb6f3db82a
  geolocator_apple: cc556e6844d508c95df1e87e3ea6fa4e58c50401
  image_picker_ios: 4a8aadfbb6dc30ad5141a2ce3832af9214a705b5
  libphonenumber_plugin: e8a7d64a6624a7c25f2c4ab0b7ead2a8e341e35e
  MTBBarcodeScanner: f453b33c4b7dfe545d8c6484ed744d55671788cb
  path_provider_foundation: 29f094ae23ebbca9d3d0cec13889cd9060c0e943
  permission_handler: ccb20a9fad0ee9b1314a52b70b76b473c5f8dab0
  PhoneNumberKit: 962cb725d664c7d4ac5f3e6f93e2de5f543f0d05
  qr_code_scanner: bb67d64904c3b9658ada8c402e8b4d406d5d796e
  shared_preferences_foundation: 5b919d13b803cadd15ed2dc053125c68730e5126
  sqflite: 31f7eba61e3074736dff8807a9b41581e4f7f15a
  Toast: 91b396c56ee72a5790816f40d3a94dd357abc196

PODFILE CHECKSUM: 70d9d25280d0dd177a5f637cdb0f0b0b12c6a189

COCOAPODS: 1.12.1
